
Microsoft Visual Studio Solution File, Format Version 12.00
# Visual Studio Version 17
VisualStudioVersion = 17.3.32929.385
MinimumVisualStudioVersion = 10.0.40219.1
Project("{FAE04EC0-301F-11D3-BF4B-00C04F79EFBC}") = "CartingService", "CartingService\CartingService.csproj", "{BEF7AA83-816C-42E9-9589-7EF1D8A8BE94}"
EndProject
Global
	GlobalSection(SolutionConfigurationPlatforms) = preSolution
		Debug|Any CPU = Debug|Any CPU
		Release|Any CPU = Release|Any CPU
	EndGlobalSection
	GlobalSection(ProjectConfigurationPlatforms) = postSolution
		{BEF7AA83-816C-42E9-9589-7EF1D8A8BE94}.Debug|Any CPU.ActiveCfg = Debug|Any CPU
		{BEF7AA83-816C-42E9-9589-7EF1D8A8BE94}.Debug|Any CPU.Build.0 = Debug|Any CPU
		{BEF7AA83-816C-42E9-9589-7EF1D8A8BE94}.Release|Any CPU.ActiveCfg = Release|Any CPU
		{BEF7AA83-816C-42E9-9589-7EF1D8A8BE94}.Release|Any CPU.Build.0 = Release|Any CPU
	EndGlobalSection
	GlobalSection(SolutionProperties) = preSolution
		HideSolutionNode = FALSE
	EndGlobalSection
	GlobalSection(ExtensibilityGlobals) = postSolution
		SolutionGuid = {D053922B-94DF-4657-B66E-8181281F86F8}
	EndGlobalSection
EndGlobal
